Microsoft Visual Studio Solution File, Format Version 12.00
# Visual Studio Version 17
VisualStudioVersion = 17.5.2.0
MinimumVisualStudioVersion = 10.0.40219.1
Project("{FAE04EC0-301F-11D3-BF4B-00C04F79EFBC}") = "BalanceApp", "BalanceApp.csproj", "{6DB12128-65B7-45CC-5D46-2C839BB38243}"
EndProject
Global
	GlobalSection(SolutionConfigurationPlatforms) = preSolution
		Debug|Any CPU = Debug|Any CPU
		Release|Any CPU = Release|Any CPU
	EndGlobalSection
	GlobalSection(ProjectConfigurationPlatforms) = postSolution
		{6DB12128-65B7-45CC-5D46-2C839BB38243}.Debug|Any CPU.ActiveCfg = Debug|Any CPU
		{6DB12128-65B7-45CC-5D46-2C839BB38243}.Debug|Any CPU.Build.0 = Debug|Any CPU
		{6DB12128-65B7-45CC-5D46-2C839BB38243}.Release|Any CPU.ActiveCfg = Release|Any CPU
		{6DB12128-65B7-45CC-5D46-2C839BB38243}.Release|Any CPU.Build.0 = Release|Any CPU
	EndGlobalSection
	GlobalSection(SolutionProperties) = preSolution
		HideSolutionNode = FALSE
	EndGlobalSection
	GlobalSection(ExtensibilityGlobals) = postSolution
		SolutionGuid = {BAECC9D5-D7FA-46DA-919F-794AD87D11C8}
	EndGlobalSection
EndGlobal
